
Microsoft Visual Studio Solution File, Format Version 12.00
# Visual Studio Version 17
VisualStudioVersion = 17.3.32929.385
MinimumVisualStudioVersion = 10.0.40219.1
Project("{2150E333-8FDC-42A3-9474-1A3956D46DE8}") = "test", "test", "{9EC92406-66CA-4103-B03C-293F38C15944}"
EndProject
Project("{2150E333-8FDC-42A3-9474-1A3956D46DE8}") = "Solution Items", "Solution Items", "{A73E4DBF-98CF-4DBF-A9FA-4F5B5C84475D}"
	ProjectSection(SolutionItems) = preProject
		.editorconfig = .editorconfig
	EndProjectSection
EndProject
Project("{9A19103F-16F7-4668-BE54-9A1E7A4F7556}") = "DomainTests", "test\DomainTests\DomainTests.csproj", "{D0798EA4-D287-41AE-B4A5-6F72E7F527CE}"
EndProject
Project("{9A19103F-16F7-4668-BE54-9A1E7A4F7556}") = "InfluxDbTest", "test\InfluxDbTest\InfluxDbTest.csproj", "{4FB7D3AA-5C4F-4C52-9541-1D9D115C796B}"
EndProject
Project("{9A19103F-16F7-4668-BE54-9A1E7A4F7556}") = "Test", "test\StringLengthTest\Test.csproj", "{00201243-F2A1-422C-9FCC-6FA474E10E9D}"
EndProject
Project("{9A19103F-16F7-4668-BE54-9A1E7A4F7556}") = "InfrastructureTests", "test\InfrastructureTests\InfrastructureTests.csproj", "{0755B8D8-0C1A-45AD-BB37-ABBAB748AFEF}"
EndProject
Project("{2150E333-8FDC-42A3-9474-1A3956D46DE8}") = "core", "core", "{69CC176B-3D1C-488A-A6FC-B0EED5A8AFF4}"
EndProject
Project("{9A19103F-16F7-4668-BE54-9A1E7A4F7556}") = "Domain.Core", "core\Domain.Core\Domain.Core.csproj", "{8B822091-9CDE-4B6C-818B-66C7067557C7}"
EndProject
Project("{9A19103F-16F7-4668-BE54-9A1E7A4F7556}") = "Infrastructure.Core", "core\Infrastructure.Core\Infrastructure.Core.csproj", "{CDEC2891-5685-4393-BF66-4AFE408838E7}"
EndProject
Project("{9A19103F-16F7-4668-BE54-9A1E7A4F7556}") = "WebApi.Core", "core\WebApi.Core\WebApi.Core.csproj", "{1E41509C-8973-41EA-95C3-E7FE9A1F03E9}"
EndProject
Project("{9A19103F-16F7-4668-BE54-9A1E7A4F7556}") = "Application.Core", "core\Application.Core\Application.Core.csproj", "{872CC21E-37B4-47B2-AEA4-C0BAC1E8DFFC}"
EndProject
Project("{9A19103F-16F7-4668-BE54-9A1E7A4F7556}") = "Infrastructure.CoreTests", "test\Infrastructure.CoreTests\Infrastructure.CoreTests.csproj", "{68D067EB-6919-4B3B-8BB6-E2C4069E058A}"
EndProject
Project("{2150E333-8FDC-42A3-9474-1A3956D46DE8}") = "src", "src", "{203BA516-61EA-44AD-AD31-2FEDF3A0E875}"
EndProject
Project("{2150E333-8FDC-42A3-9474-1A3956D46DE8}") = "Services", "Services", "{CA0F4497-17D2-4312-A0F3-1C4C82609FBF}"
EndProject
Project("{2150E333-8FDC-42A3-9474-1A3956D46DE8}") = "AuthService", "AuthService", "{8F8F0BC7-719B-4E0F-A2BE-7477F3E8AA33}"
EndProject
Project("{9A19103F-16F7-4668-BE54-9A1E7A4F7556}") = "AuthService", "src\Services\AuthService\AuthService\AuthService.csproj", "{08A4D1FA-E727-4921-B0B0-699A70A39F3E}"
EndProject
Project("{9A19103F-16F7-4668-BE54-9A1E7A4F7556}") = "Data", "src\Services\AuthService\Data\Data.csproj", "{F904AA77-9808-46DA-8B31-8D82A0E86876}"
EndProject
Project("{2150E333-8FDC-42A3-9474-1A3956D46DE8}") = "OtherService", "OtherService", "{0CDE9CC4-0627-4DFB-93C3-FEFD2078EB9A}"
EndProject
Project("{9A19103F-16F7-4668-BE54-9A1E7A4F7556}") = "Domain", "src\Services\OtherService\Domain\Domain.csproj", "{B9E3831D-5139-45B2-A9B3-F8A0B7FC018C}"
EndProject
Project("{9A19103F-16F7-4668-BE54-9A1E7A4F7556}") = "Infrastructure", "src\Services\OtherService\Infrastructure\Infrastructure.csproj", "{35DF9827-CA13-47D2-822E-02E718ED0F87}"
EndProject
Project("{9A19103F-16F7-4668-BE54-9A1E7A4F7556}") = "Application", "src\Services\OtherService\Application\Application.csproj", "{CD0CD84A-F4AE-4F8E-8F71-E7A6875DF28A}"
EndProject
Project("{9A19103F-16F7-4668-BE54-9A1E7A4F7556}") = "WebApi", "src\Services\OtherService\WebApi\WebApi.csproj", "{0515EE74-80C2-4EFF-902D-E57E35139A30}"
EndProject
Project("{2150E333-8FDC-42A3-9474-1A3956D46DE8}") = "Gateways", "Gateways", "{B7D426BB-8A6A-4750-BD52-13D720A0DAA2}"
EndProject
Project("{FAE04EC0-301F-11D3-BF4B-00C04F79EFBC}") = "WebMvc", "src\Services\OtherService\WebMvc\WebMvc.csproj", "{9B9DF375-44D3-405B-9171-D609F621547E}"
EndProject
Global
	GlobalSection(SolutionConfigurationPlatforms) = preSolution
		Debug|Any CPU = Debug|Any CPU
		Release|Any CPU = Release|Any CPU
	EndGlobalSection
	GlobalSection(ProjectConfigurationPlatforms) = postSolution
		{D0798EA4-D287-41AE-B4A5-6F72E7F527CE}.Debug|Any CPU.ActiveCfg = Debug|Any CPU
		{D0798EA4-D287-41AE-B4A5-6F72E7F527CE}.Debug|Any CPU.Build.0 = Debug|Any CPU
		{D0798EA4-D287-41AE-B4A5-6F72E7F527CE}.Release|Any CPU.ActiveCfg = Release|Any CPU
		{D0798EA4-D287-41AE-B4A5-6F72E7F527CE}.Release|Any CPU.Build.0 = Release|Any CPU
		{4FB7D3AA-5C4F-4C52-9541-1D9D115C796B}.Debug|Any CPU.ActiveCfg = Debug|Any CPU
		{4FB7D3AA-5C4F-4C52-9541-1D9D115C796B}.Debug|Any CPU.Build.0 = Debug|Any CPU
		{4FB7D3AA-5C4F-4C52-9541-1D9D115C796B}.Release|Any CPU.ActiveCfg = Release|Any CPU
		{4FB7D3AA-5C4F-4C52-9541-1D9D115C796B}.Release|Any CPU.Build.0 = Release|Any CPU
		{00201243-F2A1-422C-9FCC-6FA474E10E9D}.Debug|Any CPU.ActiveCfg = Debug|Any CPU
		{00201243-F2A1-422C-9FCC-6FA474E10E9D}.Debug|Any CPU.Build.0 = Debug|Any CPU
		{00201243-F2A1-422C-9FCC-6FA474E10E9D}.Release|Any CPU.ActiveCfg = Release|Any CPU
		{00201243-F2A1-422C-9FCC-6FA474E10E9D}.Release|Any CPU.Build.0 = Release|Any CPU
		{0755B8D8-0C1A-45AD-BB37-ABBAB748AFEF}.Debug|Any CPU.ActiveCfg = Debug|Any CPU
		{0755B8D8-0C1A-45AD-BB37-ABBAB748AFEF}.Debug|Any CPU.Build.0 = Debug|Any CPU
		{0755B8D8-0C1A-45AD-BB37-ABBAB748AFEF}.Release|Any CPU.ActiveCfg = Release|Any CPU
		{0755B8D8-0C1A-45AD-BB37-ABBAB748AFEF}.Release|Any CPU.Build.0 = Release|Any CPU
		{8B822091-9CDE-4B6C-818B-66C7067557C7}.Debug|Any CPU.ActiveCfg = Debug|Any CPU
		{8B822091-9CDE-4B6C-818B-66C7067557C7}.Debug|Any CPU.Build.0 = Debug|Any CPU
		{8B822091-9CDE-4B6C-818B-66C7067557C7}.Release|Any CPU.ActiveCfg = Release|Any CPU
		{8B822091-9CDE-4B6C-818B-66C7067557C7}.Release|Any CPU.Build.0 = Release|Any CPU
		{CDEC2891-5685-4393-BF66-4AFE408838E7}.Debug|Any CPU.ActiveCfg = Debug|Any CPU
		{CDEC2891-5685-4393-BF66-4AFE408838E7}.Debug|Any CPU.Build.0 = Debug|Any CPU
		{CDEC2891-5685-4393-BF66-4AFE408838E7}.Release|Any CPU.ActiveCfg = Release|Any CPU
		{CDEC2891-5685-4393-BF66-4AFE408838E7}.Release|Any CPU.Build.0 = Release|Any CPU
		{1E41509C-8973-41EA-95C3-E7FE9A1F03E9}.Debug|Any CPU.ActiveCfg = Debug|Any CPU
		{1E41509C-8973-41EA-95C3-E7FE9A1F03E9}.Debug|Any CPU.Build.0 = Debug|Any CPU
		{1E41509C-8973-41EA-95C3-E7FE9A1F03E9}.Release|Any CPU.ActiveCfg = Release|Any CPU
		{1E41509C-8973-41EA-95C3-E7FE9A1F03E9}.Release|Any CPU.Build.0 = Release|Any CPU
		{872CC21E-37B4-47B2-AEA4-C0BAC1E8DFFC}.Debug|Any CPU.ActiveCfg = Debug|Any CPU
		{872CC21E-37B4-47B2-AEA4-C0BAC1E8DFFC}.Debug|Any CPU.Build.0 = Debug|Any CPU
		{872CC21E-37B4-47B2-AEA4-C0BAC1E8DFFC}.Release|Any CPU.ActiveCfg = Release|Any CPU
		{872CC21E-37B4-47B2-AEA4-C0BAC1E8DFFC}.Release|Any CPU.Build.0 = Release|Any CPU
		{68D067EB-6919-4B3B-8BB6-E2C4069E058A}.Debug|Any CPU.ActiveCfg = Debug|Any CPU
		{68D067EB-6919-4B3B-8BB6-E2C4069E058A}.Debug|Any CPU.Build.0 = Debug|Any CPU
		{68D067EB-6919-4B3B-8BB6-E2C4069E058A}.Release|Any CPU.ActiveCfg = Release|Any CPU
		{68D067EB-6919-4B3B-8BB6-E2C4069E058A}.Release|Any CPU.Build.0 = Release|Any CPU
		{08A4D1FA-E727-4921-B0B0-699A70A39F3E}.Debug|Any CPU.ActiveCfg = Debug|Any CPU
		{08A4D1FA-E727-4921-B0B0-699A70A39F3E}.Debug|Any CPU.Build.0 = Debug|Any CPU
		{08A4D1FA-E727-4921-B0B0-699A70A39F3E}.Release|Any CPU.ActiveCfg = Release|Any CPU
		{08A4D1FA-E727-4921-B0B0-699A70A39F3E}.Release|Any CPU.Build.0 = Release|Any CPU
		{F904AA77-9808-46DA-8B31-8D82A0E86876}.Debug|Any CPU.ActiveCfg = Debug|Any CPU
		{F904AA77-9808-46DA-8B31-8D82A0E86876}.Debug|Any CPU.Build.0 = Debug|Any CPU
		{F904AA77-9808-46DA-8B31-8D82A0E86876}.Release|Any CPU.ActiveCfg = Release|Any CPU
		{F904AA77-9808-46DA-8B31-8D82A0E86876}.Release|Any CPU.Build.0 = Release|Any CPU
		{B9E3831D-5139-45B2-A9B3-F8A0B7FC018C}.Debug|Any CPU.ActiveCfg = Debug|Any CPU
		{B9E3831D-5139-45B2-A9B3-F8A0B7FC018C}.Debug|Any CPU.Build.0 = Debug|Any CPU
		{B9E3831D-5139-45B2-A9B3-F8A0B7FC018C}.Release|Any CPU.ActiveCfg = Release|Any CPU
		{B9E3831D-5139-45B2-A9B3-F8A0B7FC018C}.Release|Any CPU.Build.0 = Release|Any CPU
		{35DF9827-CA13-47D2-822E-02E718ED0F87}.Debug|Any CPU.ActiveCfg = Debug|Any CPU
		{35DF9827-CA13-47D2-822E-02E718ED0F87}.Debug|Any CPU.Build.0 = Debug|Any CPU
		{35DF9827-CA13-47D2-822E-02E718ED0F87}.Release|Any CPU.ActiveCfg = Release|Any CPU
		{35DF9827-CA13-47D2-822E-02E718ED0F87}.Release|Any CPU.Build.0 = Release|Any CPU
		{CD0CD84A-F4AE-4F8E-8F71-E7A6875DF28A}.Debug|Any CPU.ActiveCfg = Debug|Any CPU
		{CD0CD84A-F4AE-4F8E-8F71-E7A6875DF28A}.Debug|Any CPU.Build.0 = Debug|Any CPU
		{CD0CD84A-F4AE-4F8E-8F71-E7A6875DF28A}.Release|Any CPU.ActiveCfg = Release|Any CPU
		{CD0CD84A-F4AE-4F8E-8F71-E7A6875DF28A}.Release|Any CPU.Build.0 = Release|Any CPU
		{0515EE74-80C2-4EFF-902D-E57E35139A30}.Debug|Any CPU.ActiveCfg = Debug|Any CPU
		{0515EE74-80C2-4EFF-902D-E57E35139A30}.Debug|Any CPU.Build.0 = Debug|Any CPU
		{0515EE74-80C2-4EFF-902D-E57E35139A30}.Release|Any CPU.ActiveCfg = Release|Any CPU
		{0515EE74-80C2-4EFF-902D-E57E35139A30}.Release|Any CPU.Build.0 = Release|Any CPU
		{9B9DF375-44D3-405B-9171-D609F621547E}.Debug|Any CPU.ActiveCfg = Debug|Any CPU
		{9B9DF375-44D3-405B-9171-D609F621547E}.Debug|Any CPU.Build.0 = Debug|Any CPU
		{9B9DF375-44D3-405B-9171-D609F621547E}.Release|Any CPU.ActiveCfg = Release|Any CPU
		{9B9DF375-44D3-405B-9171-D609F621547E}.Release|Any CPU.Build.0 = Release|Any CPU
	EndGlobalSection
	GlobalSection(SolutionProperties) = preSolution
		HideSolutionNode = FALSE
	EndGlobalSection
	GlobalSection(NestedProjects) = preSolution
		{D0798EA4-D287-41AE-B4A5-6F72E7F527CE} = {9EC92406-66CA-4103-B03C-293F38C15944}
		{4FB7D3AA-5C4F-4C52-9541-1D9D115C796B} = {9EC92406-66CA-4103-B03C-293F38C15944}
		{00201243-F2A1-422C-9FCC-6FA474E10E9D} = {9EC92406-66CA-4103-B03C-293F38C15944}
		{0755B8D8-0C1A-45AD-BB37-ABBAB748AFEF} = {9EC92406-66CA-4103-B03C-293F38C15944}
		{8B822091-9CDE-4B6C-818B-66C7067557C7} = {69CC176B-3D1C-488A-A6FC-B0EED5A8AFF4}
		{CDEC2891-5685-4393-BF66-4AFE408838E7} = {69CC176B-3D1C-488A-A6FC-B0EED5A8AFF4}
		{1E41509C-8973-41EA-95C3-E7FE9A1F03E9} = {69CC176B-3D1C-488A-A6FC-B0EED5A8AFF4}
		{872CC21E-37B4-47B2-AEA4-C0BAC1E8DFFC} = {69CC176B-3D1C-488A-A6FC-B0EED5A8AFF4}
		{68D067EB-6919-4B3B-8BB6-E2C4069E058A} = {9EC92406-66CA-4103-B03C-293F38C15944}
		{CA0F4497-17D2-4312-A0F3-1C4C82609FBF} = {203BA516-61EA-44AD-AD31-2FEDF3A0E875}
		{8F8F0BC7-719B-4E0F-A2BE-7477F3E8AA33} = {CA0F4497-17D2-4312-A0F3-1C4C82609FBF}
		{08A4D1FA-E727-4921-B0B0-699A70A39F3E} = {8F8F0BC7-719B-4E0F-A2BE-7477F3E8AA33}
		{F904AA77-9808-46DA-8B31-8D82A0E86876} = {8F8F0BC7-719B-4E0F-A2BE-7477F3E8AA33}
		{0CDE9CC4-0627-4DFB-93C3-FEFD2078EB9A} = {CA0F4497-17D2-4312-A0F3-1C4C82609FBF}
		{B9E3831D-5139-45B2-A9B3-F8A0B7FC018C} = {0CDE9CC4-0627-4DFB-93C3-FEFD2078EB9A}
		{35DF9827-CA13-47D2-822E-02E718ED0F87} = {0CDE9CC4-0627-4DFB-93C3-FEFD2078EB9A}
		{CD0CD84A-F4AE-4F8E-8F71-E7A6875DF28A} = {0CDE9CC4-0627-4DFB-93C3-FEFD2078EB9A}
		{0515EE74-80C2-4EFF-902D-E57E35139A30} = {0CDE9CC4-0627-4DFB-93C3-FEFD2078EB9A}
		{B7D426BB-8A6A-4750-BD52-13D720A0DAA2} = {203BA516-61EA-44AD-AD31-2FEDF3A0E875}
		{9B9DF375-44D3-405B-9171-D609F621547E} = {0CDE9CC4-0627-4DFB-93C3-FEFD2078EB9A}
	EndGlobalSection
	GlobalSection(ExtensibilityGlobals) = postSolution
		SolutionGuid = {EE7C3459-9161-4393-A320-68F980F4439C}
	EndGlobalSection
EndGlobal
